# This file was autogenerated by Stack.
# You should not edit this file by hand.
# For more information, please see the documentation at:
#   https://docs.haskellstack.org/en/stable/lock_files

packages:
- completed:
    hackage: row-types-1.0.1.2@sha256:5c56e91d30b61f275eaee0d97b015d5332d95d7599e57582d6e62a43aa388087,2948
    pantry-tree:
      size: 1060
      sha256: 5fb893f6e14aff59d6f2be39b4b288c66d53551f746c44edd0d069487ce167bd
  original:
    hackage: row-types-1.0.1.2@sha256:5c56e91d30b61f275eaee0d97b015d5332d95d7599e57582d6e62a43aa388087,2948
snapshots:
- completed:
    size: 586120
    url: https://raw.githubusercontent.com/commercialhaskell/stackage-snapshots/master/lts/18/22.yaml
    sha256: f9970d6f25c63e3e4265aa8e9c69a047ba8919d1107e4996bdd7555b75aad0eb
  original:
    url: https://raw.githubusercontent.com/commercialhaskell/stackage-snapshots/master/lts/18/22.yaml
