# This file was autogenerated by Stack.
# You should not edit this file by hand.
# For more information, please see the documentation at:
#   https://docs.haskellstack.org/en/stable/lock_files

packages:
- completed:
    hackage: superrecord-0.5.1.0@sha256:b05ffddd8e1b504f8dad7a9726c1489caa1fcd3e2460f8bda44b2baa6e2a76fb,2480
    pantry-tree:
      size: 766
      sha256: c87b04730f31eb8459150cd541b3649b3771263a1cbda099325c1118d51f83eb
  original:
    hackage: superrecord-0.5.1.0@sha256:b05ffddd8e1b504f8dad7a9726c1489caa1fcd3e2460f8bda44b2baa6e2a76fb,2480
- completed:
    hackage: aeson-1.5.2.0@sha256:d00c7aa51969b2849550e4dee14c9ce188504d55ed8d7f734ce9f6976db452f6,6786
    pantry-tree:
      size: 39758
      sha256: 992b01282d72e4db664289db69a846a4ec675379ca96824ba902a7541104d409
  original:
    hackage: aeson-1.5.2.0@sha256:d00c7aa51969b2849550e4dee14c9ce188504d55ed8d7f734ce9f6976db452f6,6786
- completed:
    hackage: constraints-0.12@sha256:71c7999d7fa01d8941f08d37d4c107c6b1bcbd0306e234157557b9b096b7f1be,2217
    pantry-tree:
      size: 867
      sha256: 40bb55ad831b213078b79f54bb09c5a2200433dc2a495814444593fb00112834
  original:
    hackage: constraints-0.12@sha256:71c7999d7fa01d8941f08d37d4c107c6b1bcbd0306e234157557b9b096b7f1be,2217
- completed:
    hackage: vector-0.12.1.2@sha256:9291bc581f36e51d5bda9fce57cb980fbec3dd292996896f285fef39eb80a9a0,7364
    pantry-tree:
      size: 3784
      sha256: f79eefc8ba2b57ded2276f48046e64663d37b210b6047b6b6ecb30c9da196216
  original:
    hackage: vector-0.12.1.2@sha256:9291bc581f36e51d5bda9fce57cb980fbec3dd292996896f285fef39eb80a9a0,7364
- completed:
    hackage: attoparsec-0.13.2.4@sha256:e10c2a5070a344a0973e6f9486d148c690b6955468cfd61ee09a41b5adc48873,5735
    pantry-tree:
      size: 5231
      sha256: 1098f9aaf18a8ad0ee10019d929920c96be87cded84cbb90d78ab0e7a4264ea4
  original:
    hackage: attoparsec-0.13.2.4@sha256:e10c2a5070a344a0973e6f9486d148c690b6955468cfd61ee09a41b5adc48873,5735
- completed:
    hackage: base-compat-batteries-0.11.1@sha256:2763af26f6bd118dc278b805988acc792443f08bd77da03ac5c438c2b1ab4aab,8666
    pantry-tree:
      size: 10736
      sha256: cb14c77d6a2acbfb3ccbb3ec8ad8682cc95baebcf2c291fdb6aab5332a6a92ee
  original:
    hackage: base-compat-batteries-0.11.1@sha256:2763af26f6bd118dc278b805988acc792443f08bd77da03ac5c438c2b1ab4aab,8666
- completed:
    hackage: dlist-0.8.0.8@sha256:90ca348bffdc62d7070bcf0e97c728f8d01b24fbc7ea08d2909157d0da76534c,2066
    pantry-tree:
      size: 426
      sha256: 1b5b9142a932f15c77f758f92f90bea6c805c42d4c62f7a697e8e4f6cf1ad6e6
  original:
    hackage: dlist-0.8.0.8@sha256:90ca348bffdc62d7070bcf0e97c728f8d01b24fbc7ea08d2909157d0da76534c,2066
- completed:
    hackage: hashable-1.3.0.0@sha256:4c70f1407881059e93550d3742191254296b2737b793a742bd901348fb3e1fb1,5206
    pantry-tree:
      size: 1521
      sha256: 84aba72926c33debd71fb9c670869d842025f8ea45ad10084289a34f0448250f
  original:
    hackage: hashable-1.3.0.0@sha256:4c70f1407881059e93550d3742191254296b2737b793a742bd901348fb3e1fb1,5206
- completed:
    hackage: primitive-0.7.1.0@sha256:6a237bb338bcc43193077ff8e8c0f0ce2de14c652231496a15672e8b563a07e2,2604
    pantry-tree:
      size: 1376
      sha256: 924e88629b493abb6b2f3c3029cef076554a2b627091e3bb6887ec03487a707d
  original:
    hackage: primitive-0.7.1.0@sha256:6a237bb338bcc43193077ff8e8c0f0ce2de14c652231496a15672e8b563a07e2,2604
- completed:
    hackage: scientific-0.3.6.2@sha256:dd49abc76bd8e2b57e7a057dc2bb742a00527b4bf9350f9374be03b5934e55d8,4679
    pantry-tree:
      size: 656
      sha256: d05b22ccd31ad7a4438d9217bf44771ac63c4eeb0acc9c624465044e5894766a
  original:
    hackage: scientific-0.3.6.2@sha256:dd49abc76bd8e2b57e7a057dc2bb742a00527b4bf9350f9374be03b5934e55d8,4679
- completed:
    hackage: semigroups-0.19.1@sha256:ecae129621e0d2f77bef2f01e4458c2e0567ab6e1f39579c61d7cec8058ebb0e,6262
    pantry-tree:
      size: 534
      sha256: 61160272cccf0dcffe7fe23b7644412b959a8ec232bed4d43be235176f0bd90b
  original:
    hackage: semigroups-0.19.1@sha256:ecae129621e0d2f77bef2f01e4458c2e0567ab6e1f39579c61d7cec8058ebb0e,6262
- completed:
    hackage: tagged-0.8.6@sha256:1f7ca84e6c88cbb923641c60041c9f56c34f1a889759cc073cdf10542b441ff9,2606
    pantry-tree:
      size: 543
      sha256: 7e03b4e4506268d8a1429fba046816d682ec98e1c61d3869ae0ce57d74574d78
  original:
    hackage: tagged-0.8.6@sha256:1f7ca84e6c88cbb923641c60041c9f56c34f1a889759cc073cdf10542b441ff9,2606
- completed:
    hackage: th-abstraction-0.3.2.0@sha256:9b5b4e6e2bbff9b075ad7751ee98e2107090bd17b51d5442695b8990e4db6521,1851
    pantry-tree:
      size: 583
      sha256: 21e260e558db166dc70f3002e7a0d22dd57d0b9e7842dd9de5e2f9f887e1275e
  original:
    hackage: th-abstraction-0.3.2.0@sha256:9b5b4e6e2bbff9b075ad7751ee98e2107090bd17b51d5442695b8990e4db6521,1851
- completed:
    hackage: these-1.1.1@sha256:35eee5852c570c36e461218481fe65f5d9abf29ef9aad14c8a27c937b5e0a2c4,2607
    pantry-tree:
      size: 351
      sha256: 01a28bee9a88ece51cca7ae0cdd00a00414ee8409591b0cbeb6c155cf9cfed0c
  original:
    hackage: these-1.1.1@sha256:35eee5852c570c36e461218481fe65f5d9abf29ef9aad14c8a27c937b5e0a2c4,2607
- completed:
    hackage: time-compat-1.9.3@sha256:a1a0a8b088be6a7be50c7c0bf156ce876151b1cbe14261736965e361c8073b2a,4349
    pantry-tree:
      size: 3654
      sha256: 9bce314b9a677472b9cc051a6ed09f4a1555180a5e2702ad67d64d74c9b5ceed
  original:
    hackage: time-compat-1.9.3@sha256:a1a0a8b088be6a7be50c7c0bf156ce876151b1cbe14261736965e361c8073b2a,4349
- completed:
    hackage: transformers-compat-0.6.5@sha256:50b00c57bf3fc379ec2477bfc261a2aebc983084488478adb29854f193af4696,5490
    pantry-tree:
      size: 1773
      sha256: 3a15141e82214faba9ddcabaa63526273d4c8b7b1d9d6cbc643334bfe41fb2f8
  original:
    hackage: transformers-compat-0.6.5@sha256:50b00c57bf3fc379ec2477bfc261a2aebc983084488478adb29854f193af4696,5490
- completed:
    hackage: type-equality-1@sha256:d36324583fbafc5698c3f898ccf7cf041cbf42435fc2559c28e8f77682739a8e,1517
    pantry-tree:
      size: 313
      sha256: a28a53db7adaaf0d9b39d2b678f3c6d5c8b08e42cb2b5d37156ce5e568c98707
  original:
    hackage: type-equality-1@sha256:d36324583fbafc5698c3f898ccf7cf041cbf42435fc2559c28e8f77682739a8e,1517
- completed:
    hackage: unordered-containers-0.2.11.0@sha256:ba70b8a9d7eebc2034bf92e5690b2dd71200e76aa9f3f93e0b6be3f27f244d18,4998
    pantry-tree:
      size: 1416
      sha256: d9b83f62373f509a441223f22f12e22e39b38ef3275dfca7c190a4795bebfed5
  original:
    hackage: unordered-containers-0.2.11.0@sha256:ba70b8a9d7eebc2034bf92e5690b2dd71200e76aa9f3f93e0b6be3f27f244d18,4998
- completed:
    hackage: uuid-types-1.0.3@sha256:4e27aa142cb37f391e78f36d13139ba0a907675429a21e8f2cfae9223202dd7e,2496
    pantry-tree:
      size: 521
      sha256: 96a50edc1466dbd5ced19d6552b480291d94dc342f5952bfe62756f79f4912c4
  original:
    hackage: uuid-types-1.0.3@sha256:4e27aa142cb37f391e78f36d13139ba0a907675429a21e8f2cfae9223202dd7e,2496
- completed:
    hackage: assoc-1.0.1@sha256:305770dfe76319749f704a1f23240f806d22905dae1aa54e6d57dc747662dae0,1205
    pantry-tree:
      size: 289
      sha256: 232774663931b69e94415d63e808f99251246a6bdd3f9ef3449a6bc2293e75c1
  original:
    hackage: assoc-1.0.1@sha256:305770dfe76319749f704a1f23240f806d22905dae1aa54e6d57dc747662dae0,1205
- completed:
    hackage: base-compat-0.11.1@sha256:e49c1ce84f556621ef1142a169e4349049c516f5b3e3c3ec6830be503e7d4a93,7140
    pantry-tree:
      size: 8633
      sha256: af9b1346b6df24c290287098b15418d8145b8cfe2a4c5b3c6d26bd61a6a86b0f
  original:
    hackage: base-compat-0.11.1@sha256:e49c1ce84f556621ef1142a169e4349049c516f5b3e3c3ec6830be503e7d4a93,7140
- completed:
    hackage: base-orphans-0.8.2@sha256:40ef37ed043aac2cbb6c538fdebfc62e601ee65ee161e4a6327452133b574d7e,2958
    pantry-tree:
      size: 1272
      sha256: f22e483c039b549ee70101e7841b14852e1417f2518f0281af46b62b3ae5d5f6
  original:
    hackage: base-orphans-0.8.2@sha256:40ef37ed043aac2cbb6c538fdebfc62e601ee65ee161e4a6327452133b574d7e,2958
- completed:
    hackage: integer-logarithms-1.0.3@sha256:63d42595ec92b71ac98a07b984b0a2eb3d4956f4ad2d856c3bf6fc3dc218d228,2820
    pantry-tree:
      size: 865
      sha256: 7feb7c37d4117f398377c7e0ad480bfa7f63e378753fc6a163deec1f3e9fbc23
  original:
    hackage: integer-logarithms-1.0.3@sha256:63d42595ec92b71ac98a07b984b0a2eb3d4956f4ad2d856c3bf6fc3dc218d228,2820
- completed:
    hackage: random-1.2.0@sha256:5ca8674e95c46c7eb90f520c26aea22d403625c97697275434afba66ebd32b05,5897
    pantry-tree:
      size: 1259
      sha256: 8ba46c3d6b1cd0d4a4ee472922497f8d0778a1aaf7bbcac328a0b06b4d153309
  original:
    hackage: random-1.2.0@sha256:5ca8674e95c46c7eb90f520c26aea22d403625c97697275434afba66ebd32b05,5897
- completed:
    hackage: bifunctors-5.5.7@sha256:54c38cffb60213bfbb9474d92226696c30d07bc6f88e1e9c887ab7c5a5721b45,3410
    pantry-tree:
      size: 1755
      sha256: faa376b667db401c653b0454217f854c9aecd2d04a94ebb589b69847effd5a4a
  original:
    hackage: bifunctors-5.5.7@sha256:54c38cffb60213bfbb9474d92226696c30d07bc6f88e1e9c887ab7c5a5721b45,3410
- completed:
    hackage: splitmix-0.1@sha256:d50c4d0801a35be7875a040470c09863342514930c82a7d25780a6c2efc4fda9,5249
    pantry-tree:
      size: 1148
      sha256: 2c884d06818f79030551aab192eee23734fd499361f4f4dcb4c51d1b1b2d786e
  original:
    hackage: splitmix-0.1@sha256:d50c4d0801a35be7875a040470c09863342514930c82a7d25780a6c2efc4fda9,5249
- completed:
    hackage: comonad-5.0.6@sha256:fdf1b529a79765a8549ac7e9d439b769cca852778742db8702a9d9b2dc27e4a4,3496
    pantry-tree:
      size: 1819
      sha256: dbe8388045c8f4339f292d213ff8cfc6635d7e158c04caafe35576ae80905ac6
  original:
    hackage: comonad-5.0.6@sha256:fdf1b529a79765a8549ac7e9d439b769cca852778742db8702a9d9b2dc27e4a4,3496
- completed:
    hackage: cabal-doctest-1.0.8@sha256:34dff6369d417df2699af4e15f06bc181d495eca9c51efde173deae2053c197c,1491
    pantry-tree:
      size: 334
      sha256: 1632476e4cdd37f323f81b2df0d06efe542ca3b02ab0097e1cd95d12c0fc2003
  original:
    hackage: cabal-doctest-1.0.8@sha256:34dff6369d417df2699af4e15f06bc181d495eca9c51efde173deae2053c197c,1491
- completed:
    hackage: distributive-0.6.2@sha256:1ad2369d4928a61a9fb8dc94b7ecc5f65a9296b07a51a2b4c397049115d82ed4,3198
    pantry-tree:
      size: 959
      sha256: f414bed061eafcec6bd24238af08b5150615d6cf9b4b360a14d614e146080229
  original:
    hackage: distributive-0.6.2@sha256:1ad2369d4928a61a9fb8dc94b7ecc5f65a9296b07a51a2b4c397049115d82ed4,3198
- completed:
    hackage: vec-0.3@sha256:128c2b81275342a50c84a06427a66a819b4eeb734f89071c6e258d704317356d,5592
    pantry-tree:
      size: 1051
      sha256: 76de1735db6fa321e1c97c94cd50c028a12e633b011c9c394d8ed524be14063e
  original:
    hackage: vec-0.3@sha256:128c2b81275342a50c84a06427a66a819b4eeb734f89071c6e258d704317356d,5592
- completed:
    hackage: QuickCheck-2.14.1@sha256:01e46d7b0a8d3148288ec977625f62d5516ebb5031a50c63f0453863301b4a79,7736
    pantry-tree:
      size: 2315
      sha256: 21961d0875fc156cdd97110a6fb277f37aa31faa3c7910895f84c82630e7ba46
  original:
    hackage: QuickCheck-2.14.1@sha256:01e46d7b0a8d3148288ec977625f62d5516ebb5031a50c63f0453863301b4a79,7736
- completed:
    hackage: adjunctions-4.4@sha256:2738dd5f5d5e93749adb14a05472e58a96a75d0f299e46371c6f46dc4e97daf9,3067
    pantry-tree:
      size: 1560
      sha256: b9b90a45e77481a8f24baa9b61dbf862199ec736b99344b5c7ae9c905f0425d8
  original:
    hackage: adjunctions-4.4@sha256:2738dd5f5d5e93749adb14a05472e58a96a75d0f299e46371c6f46dc4e97daf9,3067
- completed:
    hackage: fin-0.1.1@sha256:dfe9221b0c3982c9b1786716b0660741566564de28b53f550b28b24bc83484f4,3570
    pantry-tree:
      size: 648
      sha256: d6dc3377f4aaaa2447d4589100a3cbc8d0d051d028b51929cfa9de21e85e78c6
  original:
    hackage: fin-0.1.1@sha256:dfe9221b0c3982c9b1786716b0660741566564de28b53f550b28b24bc83484f4,3570
- completed:
    hackage: semigroupoids-5.3.4@sha256:3a6445a6105348d01c71aa608e1a8644ad78c01ec17dc70b87cf161cac92a100,7596
    pantry-tree:
      size: 1990
      sha256: d6dedcdff1035094c36156668a15484a3f3f734670b0f080bb8fcab9aaf45ad0
  original:
    hackage: semigroupoids-5.3.4@sha256:3a6445a6105348d01c71aa608e1a8644ad78c01ec17dc70b87cf161cac92a100,7596
- completed:
    hackage: contravariant-1.5.2@sha256:853259271870000c007a281f0bf0bf6e1aaa97c5fd5cd5734d7b0d79b9de2af5,2761
    pantry-tree:
      size: 699
      sha256: 9d1b9732339d893bf03b2a8ca619430b4b601ee2c9c07f80188c2d54e23573cf
  original:
    hackage: contravariant-1.5.2@sha256:853259271870000c007a281f0bf0bf6e1aaa97c5fd5cd5734d7b0d79b9de2af5,2761
- completed:
    hackage: dec-0.0.3@sha256:1a822a19129c1eca8d12a85e4d6fdc77625016ea6c3e8ce30f8d32e0972faeec,1180
    pantry-tree:
      size: 212
      sha256: e95827d0c4bb7a97b8b612b49630f84252bb6e553e593d294150fb610277bdad
  original:
    hackage: dec-0.0.3@sha256:1a822a19129c1eca8d12a85e4d6fdc77625016ea6c3e8ce30f8d32e0972faeec,1180
- completed:
    hackage: free-5.1.3@sha256:a554ca318f7a67abde1acc59bf4ccb8e039d61cbef7921932e34e114afdc8608,4148
    pantry-tree:
      size: 3362
      sha256: 8a318ba8fe54841b776bb9443ab240450406a38c95526be9638e6f118eb3a1a2
  original:
    hackage: free-5.1.3@sha256:a554ca318f7a67abde1acc59bf4ccb8e039d61cbef7921932e34e114afdc8608,4148
- completed:
    hackage: profunctors-5.5.2@sha256:55132b7e8a5461e8f7fdc4e06839109fe42ad581225cd151342753fddb824aa8,2075
    pantry-tree:
      size: 1639
      sha256: ad6ec53d15bbadac65278e52ff03e22236d1399d6fd61ea20ae8cd9a0d9de207
  original:
    hackage: profunctors-5.5.2@sha256:55132b7e8a5461e8f7fdc4e06839109fe42ad581225cd151342753fddb824aa8,2075
- completed:
    hackage: void-0.7.3@sha256:13d30f62fcdf065e595d679d4ac8b4b0c1bb1a1b73db7b5b5a8f857cb5c8a546,1857
    pantry-tree:
      size: 584
      sha256: 5730b45e857424c97d24ee1cf530be1fc782cd000221ac97b5568be886cbbc2b
  original:
    hackage: void-0.7.3@sha256:13d30f62fcdf065e595d679d4ac8b4b0c1bb1a1b73db7b5b5a8f857cb5c8a546,1857
- completed:
    hackage: StateVar-1.2@sha256:9ab3e4a0e252d28bc2f799c83e0725c3e23e8d3b722cff0fdb9822e64b6c16ac,1413
    pantry-tree:
      size: 314
      sha256: 7e528e8de1df24f858e0be63bf8987537b2752a3d4f6ec823e5ac0e1dc7f1520
  original:
    hackage: StateVar-1.2@sha256:9ab3e4a0e252d28bc2f799c83e0725c3e23e8d3b722cff0fdb9822e64b6c16ac,1413
- completed:
    hackage: transformers-base-0.4.5.2@sha256:e4d8155470905ba2942033a1537fc4cf91927d1c9b34693fd57ddf3bc02334af,1550
    pantry-tree:
      size: 275
      sha256: de1ab09cfb378c269105d6fcfa0fa9820081c2d1d91c87503a5f10068a4119e7
  original:
    hackage: transformers-base-0.4.5.2@sha256:e4d8155470905ba2942033a1537fc4cf91927d1c9b34693fd57ddf3bc02334af,1550
- completed:
    hackage: row-types-0.4.0.0@sha256:adf9dcf41e44e61c443a02cb9927740ea211e4cf60e68fb9d7b312da7bdd33be,3579
    pantry-tree:
      size: 777
      sha256: 505cd5e903b359f800f7fc14776df4e1d03c18c4ebfa1dfa657754c73365f0df
  original:
    hackage: row-types-0.4.0.0@sha256:adf9dcf41e44e61c443a02cb9927740ea211e4cf60e68fb9d7b312da7bdd33be,3579
- completed:
    hackage: generic-lens-2.0.0.0@sha256:7409fa0ce540d0bd41acf596edd1c5d0c0ab1cd1294d514cf19c5c24e8ef2550,3866
    pantry-tree:
      size: 2470
      sha256: 46ba160f0efc9c805eac6666f298f48dda899834b68c860f63641ce1f82db737
  original:
    hackage: generic-lens-2.0.0.0@sha256:7409fa0ce540d0bd41acf596edd1c5d0c0ab1cd1294d514cf19c5c24e8ef2550,3866
- completed:
    hackage: generic-lens-core-2.0.0.0@sha256:40b063c4a1399b3cdb19f2df1fae5a1a82f3313015c7c3e47fc23b8ef1b3e443,2913
    pantry-tree:
      size: 2201
      sha256: 73f91636570c0e96044f655402ccbf6adba78d3a93f8d9ee97f3115bae096536
  original:
    hackage: generic-lens-core-2.0.0.0@sha256:40b063c4a1399b3cdb19f2df1fae5a1a82f3313015c7c3e47fc23b8ef1b3e443,2913
- completed:
    hackage: indexed-profunctors-0.1@sha256:ddf618d0d4c58319c1e735e746bc69a1021f13b6f475dc9614b80af03432e6d4,1016
    pantry-tree:
      size: 235
      sha256: cfd66c0a53be1b45eae72df112ea1158614458bb7b1c9cbbe3410b04ab011ec6
  original:
    hackage: indexed-profunctors-0.1@sha256:ddf618d0d4c58319c1e735e746bc69a1021f13b6f475dc9614b80af03432e6d4,1016
- completed:
    hackage: lens-4.19.2@sha256:f0570ca0e4624d9daa57256f00f514e87be155401583fa1665faba47376c63a7,16053
    pantry-tree:
      size: 8330
      sha256: 97df1b96d825fb74400e75847e2a6ce2c37c9d1baeb71f5804a3a97694a4f881
  original:
    hackage: lens-4.19.2@sha256:f0570ca0e4624d9daa57256f00f514e87be155401583fa1665faba47376c63a7,16053
- completed:
    hackage: call-stack-0.2.0@sha256:5ce796b78d5f964468ec6fe0717b4e7d0430817f37370c47b3e6b38e345b6643,1202
    pantry-tree:
      size: 500
      sha256: 30cc02f50a7f660db6b5c4218b4021cd78cae90b135d893d55f32a1c8b1e1c08
  original:
    hackage: call-stack-0.2.0@sha256:5ce796b78d5f964468ec6fe0717b4e7d0430817f37370c47b3e6b38e345b6643,1202
- completed:
    hackage: kan-extensions-5.2@sha256:2407501562039dad6a3d19aacd0bbcca07aa28497cbd1cdaaf5aabc30146899d,2771
    pantry-tree:
      size: 1472
      sha256: ba338b2be42e0e33e861a6b3082685ab28c4876af89643b8bbfb3936aa6aa52a
  original:
    hackage: kan-extensions-5.2@sha256:2407501562039dad6a3d19aacd0bbcca07aa28497cbd1cdaaf5aabc30146899d,2771
- completed:
    hackage: parallel-3.2.2.0@sha256:c69372af9a39a06739e1d0eaa1f2d8be6b86493a53dbbc455e7b30479c491c6a,1763
    pantry-tree:
      size: 392
      sha256: 0b408143e18070406acc2acb528fc4b695f04161e0beb490351d50d92a841fe3
  original:
    hackage: parallel-3.2.2.0@sha256:c69372af9a39a06739e1d0eaa1f2d8be6b86493a53dbbc455e7b30479c491c6a,1763
- completed:
    hackage: reflection-2.1.6@sha256:044acb7caf41a9d8246878f849baed2dffbc4582d0a1e5c7c079d4287239e970,3976
    pantry-tree:
      size: 1062
      sha256: f5aeb758b72cdb290de887c0db7297071c92f263870b0aee64801f420b85b83d
  original:
    hackage: reflection-2.1.6@sha256:044acb7caf41a9d8246878f849baed2dffbc4582d0a1e5c7c079d4287239e970,3976
- completed:
    hackage: invariant-0.5.3@sha256:e430340b5f4248159f9fd217c506946887b4ff8f2c7a3819c3d4f06bcb195e6a,3323
    pantry-tree:
      size: 650
      sha256: f7a85efb9277edc3d613003d1ec89f2302dc42674932d705cf2438a76ea5edd0
  original:
    hackage: invariant-0.5.3@sha256:e430340b5f4248159f9fd217c506946887b4ff8f2c7a3819c3d4f06bcb195e6a,3323
- completed:
    hackage: ghc-datasize-0.2.2@sha256:3c2afb582a1cf0702c2ccdb0465dad090695e397179848b78b24cc24f02351bd,1140
    pantry-tree:
      size: 216
      sha256: f4993b300a3c23c9b7efef2f21aee737ce0570e20e958f10bb732e076255971b
  original:
    hackage: ghc-datasize-0.2.2@sha256:3c2afb582a1cf0702c2ccdb0465dad090695e397179848b78b24cc24f02351bd,1140
- completed:
    hackage: tasty-1.3.1@sha256:01e35c97f7ee5ccbc28f21debea02a38cd010d53b4c3087f5677c5d06617a507,2520
    pantry-tree:
      size: 1804
      sha256: 6150ec5094fe321150b1263bc751c1a85b22be766053fb4648115d8c02b2064b
  original:
    hackage: tasty-1.3.1@sha256:01e35c97f7ee5ccbc28f21debea02a38cd010d53b4c3087f5677c5d06617a507,2520
- completed:
    hackage: tasty-discover-4.2.1@sha256:cd474a555cf524a82a294127588d91e7d93802c5fa276ea08b4f1f2bf6c37180,2598
    pantry-tree:
      size: 901
      sha256: fabc8d7552ff14fcdeca5830f5eeb727e96a5c1c7bcdd32fd32d9effc51b99e5
  original:
    hackage: tasty-discover-4.2.1@sha256:cd474a555cf524a82a294127588d91e7d93802c5fa276ea08b4f1f2bf6c37180,2598
- completed:
    hackage: tasty-hedgehog-1.0.0.2@sha256:6d2aa8757dc0cbc7f9a68e338dd728347406ff159d3280d897e20fa6ed30596e,1845
    pantry-tree:
      size: 330
      sha256: 461057df7824531513c6a54a926f8647f51b45617eb350238e0ac6f11189cab8
  original:
    hackage: tasty-hedgehog-1.0.0.2@sha256:6d2aa8757dc0cbc7f9a68e338dd728347406ff159d3280d897e20fa6ed30596e,1845
- completed:
    hackage: Glob-0.10.0@sha256:bbccaf21bff9071dcf369f55cc1a07250bdc84c432bdf4277ed53e5e2327cd7d,2947
    pantry-tree:
      size: 1432
      sha256: 2b14578b5cf51af20efeaf332a1e1ea0c9c24fe2fcb2afba64f77d9249395844
  original:
    hackage: Glob-0.10.0@sha256:bbccaf21bff9071dcf369f55cc1a07250bdc84c432bdf4277ed53e5e2327cd7d,2947
- completed:
    hackage: ansi-terminal-0.10.3@sha256:e2fbcef5f980dc234c7ad8e2fa433b0e8109132c9e643bc40ea5608cd5697797,3226
    pantry-tree:
      size: 1461
      sha256: 02f05d52be3ffcf36c78876629cbab80b63420672685371aea4fd10e1c4aabb6
  original:
    hackage: ansi-terminal-0.10.3@sha256:e2fbcef5f980dc234c7ad8e2fa433b0e8109132c9e643bc40ea5608cd5697797,3226
- completed:
    hackage: async-2.2.2@sha256:a178c166856da7ff22fe4500337b54812e94fd2059409452187d72e057ede9cd,2934
    pantry-tree:
      size: 501
      sha256: 647557f470dd934404806bcc7201ff9b2d440daaf11f570ac6a46d9b2ef42d98
  original:
    hackage: async-2.2.2@sha256:a178c166856da7ff22fe4500337b54812e94fd2059409452187d72e057ede9cd,2934
- completed:
    hackage: clock-0.8@sha256:b4ae207e2d3761450060a0d0feb873269233898039c76fceef9cc1a544067767,4113
    pantry-tree:
      size: 446
      sha256: d9ac8ce6a19812fe74cb1e74228e6e624eda19021ff4d12e24611f88abacd38a
  original:
    hackage: clock-0.8@sha256:b4ae207e2d3761450060a0d0feb873269233898039c76fceef9cc1a544067767,4113
- completed:
    hackage: hedgehog-1.0.3@sha256:dd9a25bf904fe444d5de471d0933261ef2c9a1110330460e037e0fef86fac89e,4622
    pantry-tree:
      size: 2621
      sha256: 44224ad162df1653b211fde65c194e46de4c137780675ba7fa43fe4879f41a58
  original:
    hackage: hedgehog-1.0.3@sha256:dd9a25bf904fe444d5de471d0933261ef2c9a1110330460e037e0fef86fac89e,4622
- completed:
    hackage: optparse-applicative-0.15.1.0@sha256:29ff6146aabf54d46c4c8788e8d1eadaea27c94f6d360c690c5f6c93dac4b07e,4810
    pantry-tree:
      size: 2904
      sha256: 04ad3816bc580cbe0834d3d1f4729ddd386abfe31b43e5b14968885f636d1b0d
  original:
    hackage: optparse-applicative-0.15.1.0@sha256:29ff6146aabf54d46c4c8788e8d1eadaea27c94f6d360c690c5f6c93dac4b07e,4810
- completed:
    hackage: unbounded-delays-0.1.1.0@sha256:8e57c6ffb72ed605b85c69d3b3a7ebbbbb70bfb5e9b9816309f1f733240838f2,1184
    pantry-tree:
      size: 360
      sha256: 798beaa45624e0c5bc15c364be66046ecc7495229823a98d67ba1bedfd8e41bf
  original:
    hackage: unbounded-delays-0.1.1.0@sha256:8e57c6ffb72ed605b85c69d3b3a7ebbbbb70bfb5e9b9816309f1f733240838f2,1184
- completed:
    hackage: wcwidth-0.0.2@sha256:77531eb6683c505c22ab3fa11bbc43d3ce1e7dac21401d4d5a19677d348bb5f3,1998
    pantry-tree:
      size: 328
      sha256: e41a76d32d11404240c0f5263e9f6dc9874083a1119db703ee65c28ed76f4505
  original:
    hackage: wcwidth-0.0.2@sha256:77531eb6683c505c22ab3fa11bbc43d3ce1e7dac21401d4d5a19677d348bb5f3,1998
- completed:
    hackage: ansi-wl-pprint-0.6.9@sha256:f6fd6dbd4adcad0432bf75e5f5b19bb1deda00a1d8056faf18090026e577652d,2388
    pantry-tree:
      size: 472
      sha256: a49f803a88dc2700cdce18f475525578e51964ae8bc9233d28331c66617711a8
  original:
    hackage: ansi-wl-pprint-0.6.9@sha256:f6fd6dbd4adcad0432bf75e5f5b19bb1deda00a1d8056faf18090026e577652d,2388
- completed:
    hackage: colour-2.3.5@sha256:b27db0a3ad40d70bdbd8510a104269f8707592e80757a1abc66a22ba25e5a42f,1801
    pantry-tree:
      size: 1183
      sha256: ff0f5e24e9f669ceedfcae4d11fd6c68820bbaa2e07ab277368946e9b0f6f8a4
  original:
    hackage: colour-2.3.5@sha256:b27db0a3ad40d70bdbd8510a104269f8707592e80757a1abc66a22ba25e5a42f,1801
- completed:
    hackage: concurrent-output-1.10.12@sha256:50e14131c486611055e2fa4f01a2ed03e63051e6d6707650f0a8f2f4ca618477,1665
    pantry-tree:
      size: 897
      sha256: 0fa4857be7517ac37acbaafd190452212b707a0a49f17828e23ba740772a2617
  original:
    hackage: concurrent-output-1.10.12@sha256:50e14131c486611055e2fa4f01a2ed03e63051e6d6707650f0a8f2f4ca618477,1665
- completed:
    hackage: erf-2.0.0.0@sha256:11c5d3747d17b589009cbe9656ca792e4b5b2560d4aa44f6f1e80044794b1a8b,577
    pantry-tree:
      size: 161
      sha256: 80f6ad1c948520e2329abeddf5523af5d0d0c6300ce267dd85cdb6e95265c7e5
  original:
    hackage: erf-2.0.0.0@sha256:11c5d3747d17b589009cbe9656ca792e4b5b2560d4aa44f6f1e80044794b1a8b,577
- completed:
    hackage: fail-4.9.0.0@sha256:35d1ee29364447c1b7d616bb1ee31f162b73e85fea91d7ca6441cf901398f572,1051
    pantry-tree:
      size: 210
      sha256: e4daa79eb6a4442ec85c86dfeb0eb4bf8624f8dcc5291a2216165120ecb77c13
  original:
    hackage: fail-4.9.0.0@sha256:35d1ee29364447c1b7d616bb1ee31f162b73e85fea91d7ca6441cf901398f572,1051
- completed:
    hackage: lifted-async-0.10.1.1@sha256:d220c01ef907c52fa68de71fdab482bfc5049c9174a7e0ece2f21f9890e64b85,2753
    pantry-tree:
      size: 872
      sha256: 5a8a69b96b273ec93bd67e784013d772f4eb3b5096a1d6581f2b46b9987d3ba8
  original:
    hackage: lifted-async-0.10.1.1@sha256:d220c01ef907c52fa68de71fdab482bfc5049c9174a7e0ece2f21f9890e64b85,2753
- completed:
    hackage: mmorph-1.1.3@sha256:abfc95648fef0008f984b94137ce8e1635fb071c7bfaaa7393ba175a1b3bb12f,919
    pantry-tree:
      size: 344
      sha256: b93535fa375deb2e07af348fe9730b7b50b71e4cba0992e03a96a8b8dc13cc48
  original:
    hackage: mmorph-1.1.3@sha256:abfc95648fef0008f984b94137ce8e1635fb071c7bfaaa7393ba175a1b3bb12f,919
- completed:
    hackage: monad-control-1.0.2.3@sha256:a3ae888d2fed2e2a0ca33ae11e2480219e07312bccf1a02ffe2ba2e3ec5913ee,2255
    pantry-tree:
      size: 334
      sha256: 519fea66a13faf24c4a980d19c58f81af5cf519a2ddcc0c199a8f8f3bf0299b8
  original:
    hackage: monad-control-1.0.2.3@sha256:a3ae888d2fed2e2a0ca33ae11e2480219e07312bccf1a02ffe2ba2e3ec5913ee,2255
- completed:
    hackage: pretty-show-1.10@sha256:bfef8da0ac4db4fc7f41edfec9e9a701ac206418d70702bff1e40f20d6a2b1f1,1888
    pantry-tree:
      size: 735
      sha256: ae0986a1537a5f462fd48787f82931a07ab8b569631cf08e6cff19c2d9e3866b
  original:
    hackage: pretty-show-1.10@sha256:bfef8da0ac4db4fc7f41edfec9e9a701ac206418d70702bff1e40f20d6a2b1f1,1888
- completed:
    hackage: resourcet-1.2.4.2@sha256:d57516781d1721f70aa0b9ec8ea9200ab02bf76349cb76d73ad57729302289cc,1730
    pantry-tree:
      size: 647
      sha256: 153ab98f19697b059250f932414aa34261ea0e15f08441ff39271f3f66525baf
  original:
    hackage: resourcet-1.2.4.2@sha256:d57516781d1721f70aa0b9ec8ea9200ab02bf76349cb76d73ad57729302289cc,1730
- completed:
    hackage: wl-pprint-annotated-0.1.0.1@sha256:0b8fd3649bfe72d155a4379e4c88b7ef00408f6f4973f63333787fd2e1b5ba1e,2214
    pantry-tree:
      size: 304
      sha256: 322f0bb500acd0e029e8c26b570cbb66e111e765f53c18911107cd05eff3df47
  original:
    hackage: wl-pprint-annotated-0.1.0.1@sha256:0b8fd3649bfe72d155a4379e4c88b7ef00408f6f4973f63333787fd2e1b5ba1e,2214
- completed:
    hackage: happy-1.19.12@sha256:acc67bfbf3af87892766781dd064c9447181ea81269a7a1e5fc9ace4a8fa4768,5691
    pantry-tree:
      size: 8693
      sha256: 91502601a560862a5b90d776c0bd58bc2779ba5b7945c984817eaa3b9ca64564
  original:
    hackage: happy-1.19.12@sha256:acc67bfbf3af87892766781dd064c9447181ea81269a7a1e5fc9ace4a8fa4768,5691
- completed:
    hackage: haskell-lexer-1.1@sha256:9e0a7633f6bdb59004c6f3144ebfad1edb9e440fc6a94215c3a1d11bcd8656ef,915
    pantry-tree:
      size: 587
      sha256: b301fc4115ecc2687df258748a4d6f4165ee34890d65ddb81930d6adfd6c4f7c
  original:
    hackage: haskell-lexer-1.1@sha256:9e0a7633f6bdb59004c6f3144ebfad1edb9e440fc6a94215c3a1d11bcd8656ef,915
- completed:
    hackage: lifted-base-0.2.3.12@sha256:e94ad0692c9c5d85c373e508f23654f2da8ac8c3e475c2b65ffbc04fb165ad69,3369
    pantry-tree:
      size: 1129
      sha256: a1d78bdab90ed2863854f825f6ab277e5df0af856fec06ac1c39131e8019aef5
  original:
    hackage: lifted-base-0.2.3.12@sha256:e94ad0692c9c5d85c373e508f23654f2da8ac8c3e475c2b65ffbc04fb165ad69,3369
- completed:
    hackage: terminal-size-0.3.2.1@sha256:7b2d8e0475a46961d07ddfb91dee618de70eff55d9ba0402ebeac1f9dcf9b18b,1259
    pantry-tree:
      size: 580
      sha256: bdd64a618bdb54e93ed043f8c21d56b5447bfa5e706cda2b54e5b2a5efd6d297
  original:
    hackage: terminal-size-0.3.2.1@sha256:7b2d8e0475a46961d07ddfb91dee618de70eff55d9ba0402ebeac1f9dcf9b18b,1259
- completed:
    hackage: unliftio-core-0.2.0.1@sha256:9b3e44ea9aacacbfc35b3b54015af450091916ac3618a41868ebf6546977659a,1082
    pantry-tree:
      size: 328
      sha256: e81c5a1e82ec2cd68cbbbec9cd60567363abe02257fa1370a906f6754b6818b8
  original:
    hackage: unliftio-core-0.2.0.1@sha256:9b3e44ea9aacacbfc35b3b54015af450091916ac3618a41868ebf6546977659a,1082
- completed:
    hackage: tasty-quickcheck-0.10.1.1@sha256:b0a751bbe706447fd11cac21a7bbcf919631813aafaba3ce460a421348f6935c,1543
    pantry-tree:
      size: 332
      sha256: 8df4df78e98f325743fcef84ec69870fecb6e2e5dbde16cb55b8104f72c1ec15
  original:
    hackage: tasty-quickcheck-0.10.1.1@sha256:b0a751bbe706447fd11cac21a7bbcf919631813aafaba3ce460a421348f6935c,1543
- completed:
    hackage: tasty-hspec-1.1.5.1@sha256:7f2e21d2f2a235401d661b93f53e374ab0456a7d2fe542871235905c2e804775,2501
    pantry-tree:
      size: 531
      sha256: 90b1fda54ac107cef3966ede53aae5a816d6a2d21eebbb9640ba766e981cd3eb
  original:
    hackage: tasty-hspec-1.1.5.1@sha256:7f2e21d2f2a235401d661b93f53e374ab0456a7d2fe542871235905c2e804775,2501
- completed:
    hackage: hspec-2.7.1@sha256:0aa48928ce80a34f8ff8c5ef114bb6807edfb8d884bcd7211eceed710e7fb7a8,1769
    pantry-tree:
      size: 532
      sha256: 8128733a7ef4760bbe5d978f2145fdcb29f4491b17db11e8c05b409441ceecb4
  original:
    hackage: hspec-2.7.1@sha256:0aa48928ce80a34f8ff8c5ef114bb6807edfb8d884bcd7211eceed710e7fb7a8,1769
- completed:
    hackage: hspec-core-2.7.1@sha256:2696420050bafb1b690366b2c0ca8595a27c4597811df036f0c35cf19f46862b,4583
    pantry-tree:
      size: 3601
      sha256: 7761094914f253af8eff3e0d14e1e0317a7e260f2d4bd4bd44d5d222fe0ba3d6
  original:
    hackage: hspec-core-2.7.1@sha256:2696420050bafb1b690366b2c0ca8595a27c4597811df036f0c35cf19f46862b,4583
- completed:
    hackage: tasty-smallcheck-0.8.1@sha256:37728da9451a857c7410353267c995abea92f8f395fcabd9fe7bf732cc2e3e2e,1013
    pantry-tree:
      size: 277
      sha256: 3b52dddad9fa237ad38d546597fa7eddf727ee6e5056c44c22296a69ddf932b6
  original:
    hackage: tasty-smallcheck-0.8.1@sha256:37728da9451a857c7410353267c995abea92f8f395fcabd9fe7bf732cc2e3e2e,1013
- completed:
    hackage: HUnit-1.6.0.0@sha256:8014b27c884becd8041214a1ab263fa92244ca62700a911aff604a1047869298,1570
    pantry-tree:
      size: 878
      sha256: 270a6f8d6ef23eba3a9a1697aa244576abb168d10cb8e4736cf4add2b09eb650
  original:
    hackage: HUnit-1.6.0.0@sha256:8014b27c884becd8041214a1ab263fa92244ca62700a911aff604a1047869298,1570
- completed:
    hackage: hspec-discover-2.7.1@sha256:e8ce36741c06b41de58069814a7d3b7314bdeaab35ae573e3c924739011e0c29,2243
    pantry-tree:
      size: 1080
      sha256: 2d1c4ccbd0c9047311d1bd24989714df844003c258964ef65d542f6627dc0fed
  original:
    hackage: hspec-discover-2.7.1@sha256:e8ce36741c06b41de58069814a7d3b7314bdeaab35ae573e3c924739011e0c29,2243
- completed:
    hackage: hspec-expectations-0.8.2@sha256:e2db24881baadc2d9d23b03cb629e80dcbda89a6b04ace9adb5f4d02ef8b31aa,1594
    pantry-tree:
      size: 602
      sha256: cba2c119c85cf68a18d35cccb365d032359442c82ceb93b295020609712d791f
  original:
    hackage: hspec-expectations-0.8.2@sha256:e2db24881baadc2d9d23b03cb629e80dcbda89a6b04ace9adb5f4d02ef8b31aa,1594
- completed:
    hackage: quickcheck-io-0.2.0@sha256:7bf0b68fb90873825eb2e5e958c1b76126dcf984debb998e81673e6d837e0b2d,1133
    pantry-tree:
      size: 223
      sha256: afaa27fbf8b35aa7ce174abd9c59a84a12fd7f3d08300c3280b22c1d204f11ca
  original:
    hackage: quickcheck-io-0.2.0@sha256:7bf0b68fb90873825eb2e5e958c1b76126dcf984debb998e81673e6d837e0b2d,1133
- completed:
    hackage: setenv-0.1.1.3@sha256:c5916ac0d2a828473cd171261328a290afe0abd799db1ac8c310682fe778c45b,1053
    pantry-tree:
      size: 212
      sha256: 9a071cf2552e6881cd3ac0ce81252d5b96ac7f42cae517d973ea167e3d503265
  original:
    hackage: setenv-0.1.1.3@sha256:c5916ac0d2a828473cd171261328a290afe0abd799db1ac8c310682fe778c45b,1053
- completed:
    hackage: smallcheck-1.2.0@sha256:8b431572e6a0503223e0e52014d41084c1b01f2aeea3bd499f6f529b3f6dfa89,1482
    pantry-tree:
      size: 714
      sha256: ec0ddaacd50f77305c86386822a684e04db2e8be2dc79638f75071df2b20aa32
  original:
    hackage: smallcheck-1.2.0@sha256:8b431572e6a0503223e0e52014d41084c1b01f2aeea3bd499f6f529b3f6dfa89,1482
- completed:
    hackage: tf-random-0.5@sha256:14012837d0f0e18fdbbe3d56e67da8622ee5e20b180abce952dd50bd9f36b326,3983
    pantry-tree:
      size: 941
      sha256: d6483580cfea846cbf23ff1d7a67849546d5096425b6d61318a34554043b4ffb
  original:
    hackage: tf-random-0.5@sha256:14012837d0f0e18fdbbe3d56e67da8622ee5e20b180abce952dd50bd9f36b326,3983
- completed:
    hackage: logict-0.7.0.2@sha256:7edbddead124fb266f62f208ed56c4dbfdd8f20ce15be73b4fe1d2fc758f6e9d,1287
    pantry-tree:
      size: 387
      sha256: 956a8857d154e9134e1b090cb07c98122997653ac11d5c61cb283fba9c46ae9a
  original:
    hackage: logict-0.7.0.2@sha256:7edbddead124fb266f62f208ed56c4dbfdd8f20ce15be73b4fe1d2fc758f6e9d,1287
snapshots: []
