# This file was autogenerated by Stack.
# You should not edit this file by hand.
# For more information, please see the documentation at:
#   https://docs.haskellstack.org/en/stable/lock_files

packages:
- completed:
    hackage: constraints-0.13.2@sha256:8ff7b39b8495fb43a2b11164c20d362dc4600feaa9658a5f942232b2a66686c0,2504
    pantry-tree:
      size: 867
      sha256: 42069feb5ca331d79376e7a52269c0f749c9399b4840ebb6bc5fd7bd7f433e7c
  original:
    hackage: constraints-0.13.2@sha256:8ff7b39b8495fb43a2b11164c20d362dc4600feaa9658a5f942232b2a66686c0,2504
- completed:
    hackage: ghc-datasize-0.2.2@sha256:3c2afb582a1cf0702c2ccdb0465dad090695e397179848b78b24cc24f02351bd,1140
    pantry-tree:
      size: 216
      sha256: f4993b300a3c23c9b7efef2f21aee737ce0570e20e958f10bb732e076255971b
  original:
    hackage: ghc-datasize-0.2.2@sha256:3c2afb582a1cf0702c2ccdb0465dad090695e397179848b78b24cc24f02351bd,1140
- completed:
    hackage: row-types-1.0.1.2@sha256:5c56e91d30b61f275eaee0d97b015d5332d95d7599e57582d6e62a43aa388087,2948
    pantry-tree:
      size: 1060
      sha256: 5fb893f6e14aff59d6f2be39b4b288c66d53551f746c44edd0d069487ce167bd
  original:
    hackage: row-types-1.0.1.2
- completed:
    hackage: superrecord-0.5.1.0@sha256:b05ffddd8e1b504f8dad7a9726c1489caa1fcd3e2460f8bda44b2baa6e2a76fb,2480
    pantry-tree:
      size: 766
      sha256: c87b04730f31eb8459150cd541b3649b3771263a1cbda099325c1118d51f83eb
  original:
    hackage: superrecord-0.5.1.0@sha256:b05ffddd8e1b504f8dad7a9726c1489caa1fcd3e2460f8bda44b2baa6e2a76fb,2480
- completed:
    hackage: type-equality-1@sha256:bb3a34a93ad02866763b325e889ea9f5aa31f7428e32dcaa1cf14015bd21b9cb,1597
    pantry-tree:
      size: 313
      sha256: ea121a8b58ce43a4f1f7556cc73e8c2b8b71950d9ccf35252fd3e9c3514c8798
  original:
    hackage: type-equality-1@sha256:bb3a34a93ad02866763b325e889ea9f5aa31f7428e32dcaa1cf14015bd21b9cb,1597
snapshots:
- completed:
    size: 524996
    url: https://raw.githubusercontent.com/commercialhaskell/stackage-snapshots/master/lts/14/27.yaml
    sha256: 7ea31a280c56bf36ff591a7397cc384d0dff622e7f9e4225b47d8980f019a0f0
  original: lts-14.27
