# This file was autogenerated by Stack.
# You should not edit this file by hand.
# For more information, please see the documentation at:
#   https://docs.haskellstack.org/en/stable/lock_files

packages:
- completed:
    hackage: ihaskell-display-0.1.0.0@sha256:8124d0e5ef9e79e09e55d1c6d13a480ea3cfe610ca37908288735b94dcb5f317,2217
    pantry-tree:
      size: 227
      sha256: d3e2a781f76670a6f479343e99e9190f9d679f1295ef2f5e06c320969ff8834b
  original:
    hackage: ihaskell-display-0.1.0.0@sha256:8124d0e5ef9e79e09e55d1c6d13a480ea3cfe610ca37908288735b94dcb5f317,2217
- completed:
    hackage: row-types-1.0.1.2@sha256:5c56e91d30b61f275eaee0d97b015d5332d95d7599e57582d6e62a43aa388087,2948
    pantry-tree:
      size: 1060
      sha256: 5fb893f6e14aff59d6f2be39b4b288c66d53551f746c44edd0d069487ce167bd
  original:
    hackage: row-types-1.0.1.2@sha256:5c56e91d30b61f275eaee0d97b015d5332d95d7599e57582d6e62a43aa388087,2948
- completed:
    hackage: vec-lens-0.4@sha256:a32ae456c2b6f8f04f7610a959a349f83688708bf1995ddd098da1b18254089c,1725
    pantry-tree:
      size: 516
      sha256: c575e93caf206d5824a1c9e6233ad1e34efd4dc58c92fd4a8872b75ebdf156c9
  original:
    hackage: vec-lens-0.4@sha256:a32ae456c2b6f8f04f7610a959a349f83688708bf1995ddd098da1b18254089c,1725
snapshots:
- completed:
    size: 586103
    url: https://raw.githubusercontent.com/commercialhaskell/stackage-snapshots/master/lts/18/19.yaml
    sha256: 32716534fff554b7f90762130fdb985cabf29f157758934dd1c8f3892a646430
  original:
    url: https://raw.githubusercontent.com/commercialhaskell/stackage-snapshots/master/lts/18/19.yaml
