# This file was autogenerated by Stack.
# You should not edit this file by hand.
# For more information, please see the documentation at:
#   https://docs.haskellstack.org/en/stable/lock_files

packages:
- completed:
    hackage: active-0.2.0.14@sha256:e618aba4a7881eb85dc1585e0a01230af6b4fbab6693931e4a5d0d3a5b184406,1823
    pantry-tree:
      size: 1017
      sha256: 9326ee3500f7bb1adea18f581dc51ebdb522677d8cddc847a506ba5d328ee723
  original:
    hackage: active-0.2.0.14
- completed:
    hackage: Chart-cairo-1.9.3@sha256:f79100109af9c83f65d23c3409b2a449820e523d468d1f2340f2dd36acfd237d,924
    pantry-tree:
      size: 238
      sha256: 6a84b766c3231380ab8d77102e4f1876b7868f99fbaf449dc0b46e293cbc59b2
  original:
    hackage: Chart-cairo-1.9.3
- completed:
    hackage: diagrams-1.4@sha256:3e36369e84115b900fd9dcb570672a188339a470eb19ca62170775cd835cf8ca,5483
    pantry-tree:
      size: 208
      sha256: 8f2ea432c67f4711446942e032be53ed7dc49c1b1dd7d26ff71fbd4d05a02c4d
  original:
    hackage: diagrams-1.4
- completed:
    hackage: diagrams-cairo-1.4.1.1@sha256:8b62e90fcb0a2c9343f594940698a148b2e778b203f3297c0bed3097d34b559a,3801
    pantry-tree:
      size: 721
      sha256: de94736d9aa3f321e9d621667e41ac029f47fe9956ee625eb46920bd9c3c7f80
  original:
    hackage: diagrams-cairo-1.4.1.1
- completed:
    hackage: diagrams-contrib-1.4.4@sha256:b79e499bd2a110c5ae4cf4634739ee3da547e0116e1285c359358817e73051c3,4742
    pantry-tree:
      size: 11387
      sha256: 905963a5f595195cde3b1ef64aa11a689cdf80430053749f86ab02b5d40b4b57
  original:
    hackage: diagrams-contrib-1.4.4
- completed:
    hackage: diagrams-core-1.5.0@sha256:8ffd24eb97ce309b41c52e5fa3a8acee5e4063565919eb4d41abb5c219b3d49b,2971
    pantry-tree:
      size: 2018
      sha256: 670806e0af1e31792557a3bc2c4ffe4c39929fea718c3071eb4702c4512c9795
  original:
    hackage: diagrams-core-1.5.0
- completed:
    hackage: diagrams-lib-1.4.4@sha256:1129be254377b926ce2e932113e4bd06256de878d163fbcbacacf1be97bdf3b0,8220
    pantry-tree:
      size: 11604
      sha256: a96099f5e6e4c3236dd2c2dd301e5498a1dd4b968a05dcec144c46eb53e6d912
  original:
    hackage: diagrams-lib-1.4.4
- completed:
    hackage: diagrams-svg-1.4.3@sha256:407ff78cb7bd1f44c68b0059036186f17a281a053901e29d0139ab151e703247,3159
    pantry-tree:
      size: 475
      sha256: 53c2221ee415d9bfc2f0dd886b67b1edbfdb91f68e809b43cf0bb830fc870ad7
  original:
    hackage: diagrams-svg-1.4.3
- completed:
    hackage: cairo-0.13.8.1@sha256:1938aaeb5d3504678d995774dfe870f6b66cbd43d336b692fa8779b23b2b67a9,4075
    pantry-tree:
      size: 2830
      sha256: 8f6344da4c578a4dd3a49c333e2158b695bfae32a74d34a76bbc6e531b70c95c
  original:
    hackage: cairo-0.13.8.1
- completed:
    hackage: pango-0.13.8.1@sha256:877b121c0bf87c96d3619effae6751ecfd74b7f7f3227cf3fde012597aed5ed9,3917
    pantry-tree:
      size: 1506
      sha256: eec456a3d16f1a9305196a86a7c49a6f2cfe1b041a50b02059dc4898a07a3bd9
  original:
    hackage: pango-0.13.8.1
- completed:
    hackage: glib-0.13.8.1@sha256:42670daf0c85309281e08ba8559df75daa2e3be642e79fdfa781bef5e59658b0,3156
    pantry-tree:
      size: 1625
      sha256: 1167575db8823b7a9f5fbaebdbc0ea5cef54301e442754ec256ba9371bd388e7
  original:
    hackage: glib-0.13.8.1
- completed:
    hackage: gtk2hs-buildtools-0.13.8.0@sha256:132f38155fc677430a47ea750918973161c876fb6f281d342ac2f07eb99229ce,5238
    pantry-tree:
      size: 3588
      sha256: 4552e3c0f2ef0f16285c38898d7e2b6aeea67d4e37cd203b0c82f70592096c45
  original:
    hackage: gtk2hs-buildtools-0.13.8.0
- completed:
    hackage: magic-1.1@sha256:3a31ca1c49fa5f6a857f647471739bd240a6020af6ae43e71fb72201fc482fa2,928
    pantry-tree:
      size: 535
      sha256: 8fd594932f36cdf6a93266c48248a6c516d2aa237cd023eed6935ccee7ed230b
  original:
    hackage: magic-1.1
- completed:
    hackage: plot-0.2.3.11@sha256:9564d62da798b74a5ab875996f45adf1c3071e161247faa9a9d1b036e6634a4a,4413
    pantry-tree:
      size: 2704
      sha256: 2b9cb15fa582d3cdc9f43e6ffaf401e36535909b3620c5f54bd9b7cca5dfeb44
  original:
    hackage: plot-0.2.3.11
- completed:
    hackage: statestack-0.3@sha256:437941f253bc7a6d8321e67938667bae53d7765b256a45976accadd85f6e1703,1146
    pantry-tree:
      size: 272
      sha256: 5b0ba98ac695eccbba33aae8eccf2b6dd8aa3d16d38db65e9e4c231aaa5e4082
  original:
    hackage: statestack-0.3
- completed:
    hackage: vinyl-0.13.0@sha256:0f247cd3f8682b30881a07de18e6fec52d540646fbcb328420049cc8d63cd407,3724
    pantry-tree:
      size: 1857
      sha256: 860fb95820b595161cdbdec5f376100ebae2d14e5ef0dbe311546202f7525d01
  original:
    hackage: vinyl-0.13.0
- completed:
    hackage: dual-tree-0.2.2.1@sha256:9ff31e461d873ae74ba51d93b454c0c4094726d7cb78a0c454394c965e83539d,2830
    pantry-tree:
      size: 387
      sha256: 70ea91862ac301648d63e9c69d0ff8154b1d3c9c632d224d4002c027861ec33e
  original:
    hackage: dual-tree-0.2.2.1
- completed:
    hackage: monoid-extras-0.6@sha256:fabcab0a59ac48d8f271016cf8190b21969b202c760df2db85add2fef93d38b4,2197
    pantry-tree:
      size: 1187
      sha256: b07d7eef465c7cbc2f5c8368ef98b8a746166cb6953c1f51643f9fba6ead99e0
  original:
    hackage: monoid-extras-0.6
- completed:
    hackage: svg-builder-0.1.1@sha256:0eeddf2938219526f82359785156aad5587e9e700984078906befa159ccf619c,1569
    pantry-tree:
      size: 535
      sha256: 97f198e9f6b7ee42e4f88f4bf4a51fe884de8d9ea27ec56f1a1b47977ad6a079
  original:
    hackage: svg-builder-0.1.1
- completed:
    hackage: force-layout-0.4.0.6@sha256:246a26ca944ec7d4f1b7f971d008427c1b83b20b2e2174b551d5cfb7d90ad745,1298
    pantry-tree:
      size: 276
      sha256: a5ed73ea0e79d4302b4a85e943f50cda594196e8cb592a4c7bdebec899ab7b0a
  original:
    hackage: force-layout-0.4.0.6
snapshots:
- completed:
    size: 586103
    url: https://raw.githubusercontent.com/commercialhaskell/stackage-snapshots/master/lts/18/19.yaml
    sha256: 32716534fff554b7f90762130fdb985cabf29f157758934dd1c8f3892a646430
  original: lts-18.19
