# This file was autogenerated by Stack.
# You should not edit this file by hand.
# For more information, please see the documentation at:
#   https://docs.haskellstack.org/en/stable/lock_files

packages:
- completed:
    hackage: hasktorch-0.0.1.0@sha256:b65c874ee2229dd106713cad078ad7cf89d3428e39f717ea5453f215993d0f90,99068
    pantry-tree:
      size: 3598
      sha256: 6828c5dccbe3a236faa6b86a7d0939b208978c5070f59abbbdec40b93ee6354c
  original:
    hackage: hasktorch-0.0.1.0@sha256:b65c874ee2229dd106713cad078ad7cf89d3428e39f717ea5453f215993d0f90,99068
- completed:
    hackage: row-types-1.0.1.2@sha256:5c56e91d30b61f275eaee0d97b015d5332d95d7599e57582d6e62a43aa388087,2948
    pantry-tree:
      size: 1060
      sha256: 5fb893f6e14aff59d6f2be39b4b288c66d53551f746c44edd0d069487ce167bd
  original:
    hackage: row-types-1.0.1.2@sha256:5c56e91d30b61f275eaee0d97b015d5332d95d7599e57582d6e62a43aa388087,2948
- completed:
    hackage: vec-lens-0.4@sha256:a32ae456c2b6f8f04f7610a959a349f83688708bf1995ddd098da1b18254089c,1725
    pantry-tree:
      size: 516
      sha256: c575e93caf206d5824a1c9e6233ad1e34efd4dc58c92fd4a8872b75ebdf156c9
  original:
    hackage: vec-lens-0.4@sha256:a32ae456c2b6f8f04f7610a959a349f83688708bf1995ddd098da1b18254089c,1725
- completed:
    hackage: dimensions-2.1.1.0@sha256:ce33d4765e00e726ae7925f226fc685abd81afc7853cb861b4e04c186e90ad5a,2263
    pantry-tree:
      size: 1303
      sha256: 5e45ec67acfd851e448db156b7c24859c8447c48f7670080b330c64fc9039a4b
  original:
    hackage: dimensions-2.1.1.0@sha256:ce33d4765e00e726ae7925f226fc685abd81afc7853cb861b4e04c186e90ad5a,2263
- completed:
    hackage: hasktorch-ffi-th-0.0.1.0@sha256:dfc18adfd84be0b57ac5ab55b85cb5ee7beda61f517f0243044960a3182c944e,5791
    pantry-tree:
      size: 7224
      sha256: 68c5e41fdd260800a0089cac962b305972573ec81bc3bd5b54e94f93fd2546ef
  original:
    hackage: hasktorch-ffi-th-0.0.1.0@sha256:dfc18adfd84be0b57ac5ab55b85cb5ee7beda61f517f0243044960a3182c944e,5791
- completed:
    hackage: hasktorch-ffi-thc-0.0.1.0@sha256:dec926c6fdbf1a4e1af05a93c1f37c44bfb7f10508c3cce8c79707a35e1f22d0,10103
    pantry-tree:
      size: 13067
      sha256: 3949fe3fd44318f1b6561f57dc947f669900702a55bece1982c8e533dbd4de78
  original:
    hackage: hasktorch-ffi-thc-0.0.1.0@sha256:dec926c6fdbf1a4e1af05a93c1f37c44bfb7f10508c3cce8c79707a35e1f22d0,10103
- completed:
    hackage: hasktorch-indef-0.0.1.0@sha256:ee0678444b830e087066fb398ca6071d321c8eaba5f39fcecfd096947e1fe60c,13179
    pantry-tree:
      size: 6129
      sha256: 079e93e6094c46c8ff64557bdd1717bfa139d54f94189dbe99ae591091cec2b7
  original:
    hackage: hasktorch-indef-0.0.1.0@sha256:ee0678444b830e087066fb398ca6071d321c8eaba5f39fcecfd096947e1fe60c,13179
- completed:
    hackage: hasktorch-signatures-partial-0.0.1.0@sha256:890fca52f6a153055ae07c6539c84e5ff098769841a23716eca386369b6054d0,1885
    pantry-tree:
      size: 983
      sha256: 1384597ede3772a0e7fbf7ebf5573278e68887bb4adb717600f9f2391698da69
  original:
    hackage: hasktorch-signatures-partial-0.0.1.0@sha256:890fca52f6a153055ae07c6539c84e5ff098769841a23716eca386369b6054d0,1885
- completed:
    hackage: hasktorch-types-th-0.0.1.0@sha256:cd720211f8059f9392d550bddebebe15d0bc1274bd0f7209cbf27265113dff7d,1765
    pantry-tree:
      size: 798
      sha256: 5487a248eb75947a264b8ae80411c83e03c41443b7668cef5ad389e60be3a040
  original:
    hackage: hasktorch-types-th-0.0.1.0@sha256:cd720211f8059f9392d550bddebebe15d0bc1274bd0f7209cbf27265113dff7d,1765
- completed:
    hackage: hasktorch-types-thc-0.0.1.0@sha256:a20fe08b1542cdc6f19bddde9db34060e89af782e25a2b53e58587754a7383cc,1817
    pantry-tree:
      size: 966
      sha256: ff5d341deee13591d56ad46d8614fd02fd86d8cf26eadd2bc1b8c807d107fb67
  original:
    hackage: hasktorch-types-thc-0.0.1.0@sha256:a20fe08b1542cdc6f19bddde9db34060e89af782e25a2b53e58587754a7383cc,1817
- completed:
    hackage: constraints-deriving-1.1.1.2@sha256:7e875b19b72920064e30ab722f01a7de2d4ee7840c2889c116297a4549262b72,4027
    pantry-tree:
      size: 3377
      sha256: 49c39bb5d120a14f475964b6337288590f12374e94471e6e637c4ca0f5553988
  original:
    hackage: constraints-deriving-1.1.1.2@sha256:7e875b19b72920064e30ab722f01a7de2d4ee7840c2889c116297a4549262b72,4027
- completed:
    hackage: hasktorch-signatures-0.0.1.0@sha256:cdb50cd0113eb611a45a0af21f72858c38cb9dc305ff95a69ec7c80daf910691,30646
    pantry-tree:
      size: 2233
      sha256: 75e5b33052a1328e9218113a9be0b4efbdaa1fa22dca8b95f50efb78b32ec54e
  original:
    hackage: hasktorch-signatures-0.0.1.0@sha256:cdb50cd0113eb611a45a0af21f72858c38cb9dc305ff95a69ec7c80daf910691,30646
- completed:
    hackage: hasktorch-signatures-support-0.0.1.0@sha256:5e7e6aff05983244031b18aaf2930aa9fe3e9fa8b2701c6e2bd5a57e276182c8,1608
    pantry-tree:
      size: 445
      sha256: 7cb178949e2d802a1e57a3bdc8aa1356f5c7639ea41e288e87ebd35287ec6387
  original:
    hackage: hasktorch-signatures-support-0.0.1.0@sha256:5e7e6aff05983244031b18aaf2930aa9fe3e9fa8b2701c6e2bd5a57e276182c8,1608
- completed:
    hackage: hasktorch-signatures-types-0.0.1.0@sha256:6ae252a6056d616b57545f98a5b2d566115f862e4810583d2b6043c5c4d64235,1524
    pantry-tree:
      size: 423
      sha256: d7eae5e4a9ba6cfd3f1a6c5652590b14e5e2eed88738faecd3edf2504196a409
  original:
    hackage: hasktorch-signatures-types-0.0.1.0@sha256:6ae252a6056d616b57545f98a5b2d566115f862e4810583d2b6043c5c4d64235,1524
snapshots:
- completed:
    size: 586103
    url: https://raw.githubusercontent.com/commercialhaskell/stackage-snapshots/master/lts/18/19.yaml
    sha256: 32716534fff554b7f90762130fdb985cabf29f157758934dd1c8f3892a646430
  original:
    url: https://raw.githubusercontent.com/commercialhaskell/stackage-snapshots/master/lts/18/19.yaml
